
Microsoft Visual Studio Solution File, Format Version 12.00
# Visual Studio Version 17
VisualStudioVersion = 17.5.33516.290
MinimumVisualStudioVersion = 10.0.40219.1
Project("{FAE04EC0-301F-11D3-BF4B-00C04F79EFBC}") = "PaswordHide", "PaswordHide.csproj", "{2895B0AA-9C36-4F9C-8C47-A13627EC6F64}"
EndProject
Global
	GlobalSection(SolutionConfigurationPlatforms) = preSolution
		Debug|Any CPU = Debug|Any CPU
		Release|Any CPU = Release|Any CPU
	EndGlobalSection
	GlobalSection(ProjectConfigurationPlatforms) = postSolution
		{2895B0AA-9C36-4F9C-8C47-A13627EC6F64}.Debug|Any CPU.ActiveCfg = Debug|Any CPU
		{2895B0AA-9C36-4F9C-8C47-A13627EC6F64}.Debug|Any CPU.Build.0 = Debug|Any CPU
		{2895B0AA-9C36-4F9C-8C47-A13627EC6F64}.Release|Any CPU.ActiveCfg = Release|Any CPU
		{2895B0AA-9C36-4F9C-8C47-A13627EC6F64}.Release|Any CPU.Build.0 = Release|Any CPU
	EndGlobalSection
	GlobalSection(SolutionProperties) = preSolution
		HideSolutionNode = FALSE
	EndGlobalSection
	GlobalSection(ExtensibilityGlobals) = postSolution
		SolutionGuid = {0286B760-27A0-4FAD-A864-79C414AD64ED}
	EndGlobalSection
EndGlobal
