
Microsoft Visual Studio Solution File, Format Version 12.00
# Visual Studio Version 17
VisualStudioVersion = 17.5.33516.290
MinimumVisualStudioVersion = 10.0.40219.1
Project("{FAE04EC0-301F-11D3-BF4B-00C04F79EFBC}") = "NumberGuessingGame", "NumberGuessingGame\NumberGuessingGame.csproj", "{525C51B7-98D1-4351-BA73-C98454C1665C}"
EndProject
Global
	GlobalSection(SolutionConfigurationPlatforms) = preSolution
		Debug|Any CPU = Debug|Any CPU
		Release|Any CPU = Release|Any CPU
	EndGlobalSection
	GlobalSection(ProjectConfigurationPlatforms) = postSolution
		{525C51B7-98D1-4351-BA73-C98454C1665C}.Debug|Any CPU.ActiveCfg = Debug|Any CPU
		{525C51B7-98D1-4351-BA73-C98454C1665C}.Debug|Any CPU.Build.0 = Debug|Any CPU
		{525C51B7-98D1-4351-BA73-C98454C1665C}.Release|Any CPU.ActiveCfg = Release|Any CPU
		{525C51B7-98D1-4351-BA73-C98454C1665C}.Release|Any CPU.Build.0 = Release|Any CPU
	EndGlobalSection
	GlobalSection(SolutionProperties) = preSolution
		HideSolutionNode = FALSE
	EndGlobalSection
	GlobalSection(ExtensibilityGlobals) = postSolution
		SolutionGuid = {B8FEB361-7C5F-40EB-ADE2-797B04490876}
	EndGlobalSection
EndGlobal
